
Microsoft Visual Studio Solution File, Format Version 12.00
# Visual Studio 14
VisualStudioVersion = 14.0.23107.0
MinimumVisualStudioVersion = 10.0.40219.1
Project("{FAE04EC0-301F-11D3-BF4B-00C04F79EFBC}") = "HelloForgeWorld", "HelloForgeWorld\HelloForgeWorld.csproj", "{FD897327-EB4B-4ED0-951A-D44E6B63BDBE}"
EndProject
Global
	GlobalSection(SolutionConfigurationPlatforms) = preSolution
		Debug|Any CPU = Debug|Any CPU
		Release|Any CPU = Release|Any CPU
	EndGlobalSection
	GlobalSection(ProjectConfigurationPlatforms) = postSolution
		{FD897327-EB4B-4ED0-951A-D44E6B63BDBE}.Debug|Any CPU.ActiveCfg = Debug|Any CPU
		{FD897327-EB4B-4ED0-951A-D44E6B63BDBE}.Debug|Any CPU.Build.0 = Debug|Any CPU
		{FD897327-EB4B-4ED0-951A-D44E6B63BDBE}.Release|Any CPU.ActiveCfg = Release|Any CPU
		{FD897327-EB4B-4ED0-951A-D44E6B63BDBE}.Release|Any CPU.Build.0 = Release|Any CPU
	EndGlobalSection
	GlobalSection(SolutionProperties) = preSolution
		HideSolutionNode = FALSE
	EndGlobalSection
EndGlobal
